
Microsoft Visual Studio Solution File, Format Version 12.00
# Visual Studio Version 16
VisualStudioVersion = 16.0.32106.194
MinimumVisualStudioVersion = 10.0.40219.1
Project("{FAE04EC0-301F-11D3-BF4B-00C04F79EFBC}") = "Tech Assignment 2 - Basic Console App", "Tech Assignment 2 - Basic Console App.csproj", "{F9DDCC14-D3A6-4F07-AA03-1E068078F160}"
EndProject
Global
	GlobalSection(SolutionConfigurationPlatforms) = preSolution
		Debug|Any CPU = Debug|Any CPU
		Release|Any CPU = Release|Any CPU
	EndGlobalSection
	GlobalSection(ProjectConfigurationPlatforms) = postSolution
		{F9DDCC14-D3A6-4F07-AA03-1E068078F160}.Debug|Any CPU.ActiveCfg = Debug|Any CPU
		{F9DDCC14-D3A6-4F07-AA03-1E068078F160}.Debug|Any CPU.Build.0 = Debug|Any CPU
		{F9DDCC14-D3A6-4F07-AA03-1E068078F160}.Release|Any CPU.ActiveCfg = Release|Any CPU
		{F9DDCC14-D3A6-4F07-AA03-1E068078F160}.Release|Any CPU.Build.0 = Release|Any CPU
	EndGlobalSection
	GlobalSection(SolutionProperties) = preSolution
		HideSolutionNode = FALSE
	EndGlobalSection
	GlobalSection(ExtensibilityGlobals) = postSolution
		SolutionGuid = {1C82A194-3923-432B-8112-17F973129D99}
	EndGlobalSection
EndGlobal
